
Microsoft Visual Studio Solution File, Format Version 12.00
# Visual Studio Version 17
VisualStudioVersion = 17.12.35527.113
MinimumVisualStudioVersion = 10.0.40219.1
Project("{FAE04EC0-301F-11D3-BF4B-00C04F79EFBC}") = "DotnetDemo.Domain", "DotnetDemo.Domain\DotnetDemo.Domain.csproj", "{2F5E8D62-F8F3-4F96-94EC-5C66EDE3FAFA}"
EndProject
Project("{FAE04EC0-301F-11D3-BF4B-00C04F79EFBC}") = "DotnetDemo.Repository", "DotnetDemo.Repository\DotnetDemo.Repository.csproj", "{7A3D636D-9DD2-4A26-9C39-4DC35D27F69E}"
EndProject
Project("{FAE04EC0-301F-11D3-BF4B-00C04F79EFBC}") = "DotnetDemo.Service", "DotnetDemo.Service\DotnetDemo.Service.csproj", "{213D9702-66E3-4E5F-BBC7-D847B3FF1450}"
EndProject
Project("{FAE04EC0-301F-11D3-BF4B-00C04F79EFBC}") = "DotnetDemo.API", "DotnetDemo.API\DotnetDemo.API.csproj", "{C9712411-0CC9-7BBA-6923-710E21E687C9}"
EndProject
Project("{2150E333-8FDC-42A3-9474-1A3956D46DE8}") = "API", "API", "{02EA681E-C7D8-13C7-8484-4AC65E1B71E8}"
EndProject
Project("{2150E333-8FDC-42A3-9474-1A3956D46DE8}") = "Domain", "Domain", "{BA7375B9-34E5-475C-881C-9787498BEEDA}"
EndProject
Project("{2150E333-8FDC-42A3-9474-1A3956D46DE8}") = "Repository", "Repository", "{A71EF080-5B32-4644-8DB9-0F7F62815042}"
EndProject
Project("{2150E333-8FDC-42A3-9474-1A3956D46DE8}") = "Service", "Service", "{C3C0074D-BA42-4AFA-9AFE-F3146C47804F}"
EndProject
Project("{FAE04EC0-301F-11D3-BF4B-00C04F79EFBC}") = "DotnetDemo.API2", "DotnetDemo.API2\DotnetDemo.API2.csproj", "{FCF945AF-4E0C-61C3-4AB0-CC3992D2FE8B}"
EndProject
Global
	GlobalSection(SolutionConfigurationPlatforms) = preSolution
		Debug|Any CPU = Debug|Any CPU
		Release|Any CPU = Release|Any CPU
	EndGlobalSection
	GlobalSection(ProjectConfigurationPlatforms) = postSolution
		{2F5E8D62-F8F3-4F96-94EC-5C66EDE3FAFA}.Debug|Any CPU.ActiveCfg = Debug|Any CPU
		{2F5E8D62-F8F3-4F96-94EC-5C66EDE3FAFA}.Debug|Any CPU.Build.0 = Debug|Any CPU
		{2F5E8D62-F8F3-4F96-94EC-5C66EDE3FAFA}.Release|Any CPU.ActiveCfg = Release|Any CPU
		{2F5E8D62-F8F3-4F96-94EC-5C66EDE3FAFA}.Release|Any CPU.Build.0 = Release|Any CPU
		{7A3D636D-9DD2-4A26-9C39-4DC35D27F69E}.Debug|Any CPU.ActiveCfg = Debug|Any CPU
		{7A3D636D-9DD2-4A26-9C39-4DC35D27F69E}.Debug|Any CPU.Build.0 = Debug|Any CPU
		{7A3D636D-9DD2-4A26-9C39-4DC35D27F69E}.Release|Any CPU.ActiveCfg = Release|Any CPU
		{7A3D636D-9DD2-4A26-9C39-4DC35D27F69E}.Release|Any CPU.Build.0 = Release|Any CPU
		{213D9702-66E3-4E5F-BBC7-D847B3FF1450}.Debug|Any CPU.ActiveCfg = Debug|Any CPU
		{213D9702-66E3-4E5F-BBC7-D847B3FF1450}.Debug|Any CPU.Build.0 = Debug|Any CPU
		{213D9702-66E3-4E5F-BBC7-D847B3FF1450}.Release|Any CPU.ActiveCfg = Release|Any CPU
		{213D9702-66E3-4E5F-BBC7-D847B3FF1450}.Release|Any CPU.Build.0 = Release|Any CPU
		{C9712411-0CC9-7BBA-6923-710E21E687C9}.Debug|Any CPU.ActiveCfg = Debug|Any CPU
		{C9712411-0CC9-7BBA-6923-710E21E687C9}.Debug|Any CPU.Build.0 = Debug|Any CPU
		{C9712411-0CC9-7BBA-6923-710E21E687C9}.Release|Any CPU.ActiveCfg = Release|Any CPU
		{C9712411-0CC9-7BBA-6923-710E21E687C9}.Release|Any CPU.Build.0 = Release|Any CPU
		{FCF945AF-4E0C-61C3-4AB0-CC3992D2FE8B}.Debug|Any CPU.ActiveCfg = Debug|Any CPU
		{FCF945AF-4E0C-61C3-4AB0-CC3992D2FE8B}.Debug|Any CPU.Build.0 = Debug|Any CPU
		{FCF945AF-4E0C-61C3-4AB0-CC3992D2FE8B}.Release|Any CPU.ActiveCfg = Release|Any CPU
		{FCF945AF-4E0C-61C3-4AB0-CC3992D2FE8B}.Release|Any CPU.Build.0 = Release|Any CPU
	EndGlobalSection
	GlobalSection(SolutionProperties) = preSolution
		HideSolutionNode = FALSE
	EndGlobalSection
	GlobalSection(NestedProjects) = preSolution
		{2F5E8D62-F8F3-4F96-94EC-5C66EDE3FAFA} = {BA7375B9-34E5-475C-881C-9787498BEEDA}
		{7A3D636D-9DD2-4A26-9C39-4DC35D27F69E} = {A71EF080-5B32-4644-8DB9-0F7F62815042}
		{213D9702-66E3-4E5F-BBC7-D847B3FF1450} = {C3C0074D-BA42-4AFA-9AFE-F3146C47804F}
		{C9712411-0CC9-7BBA-6923-710E21E687C9} = {02EA681E-C7D8-13C7-8484-4AC65E1B71E8}
		{FCF945AF-4E0C-61C3-4AB0-CC3992D2FE8B} = {02EA681E-C7D8-13C7-8484-4AC65E1B71E8}
	EndGlobalSection
	GlobalSection(ExtensibilityGlobals) = postSolution
		SolutionGuid = {BA8756EB-5EFB-4324-914C-D10EC20882F6}
	EndGlobalSection
EndGlobal
